// !$*UTF8*$!
{
	archiveVersion = 1;
	classes = {
	};
	objectVersion = 56;
	objects = {

/* Begin PBXBuildFile section */
		9E465EA7290C21830033EFE5 /* CustomTextField.swift in Sources */ = {isa = PBXBuildFile; fileRef = 9E465EA6290C21830033EFE5 /* CustomTextField.swift */; };
		9E465EA9290C2B280033EFE5 /* CustomButton.swift in Sources */ = {isa = PBXBuildFile; fileRef = 9E465EA8290C2B280033EFE5 /* CustomButton.swift */; };
		9E465EAB290C47DD0033EFE5 /* SignUpView.swift in Sources */ = {isa = PBXBuildFile; fileRef = 9E465EAA290C47DD0033EFE5 /* SignUpView.swift */; };
		9E50EA5B290D59D100A68A0F /* HomeView.swift in Sources */ = {isa = PBXBuildFile; fileRef = 9E50EA5A290D59D100A68A0F /* HomeView.swift */; };
		9E50EA5D290D59F700A68A0F /* AddView.swift in Sources */ = {isa = PBXBuildFile; fileRef = 9E50EA5C290D59F700A68A0F /* AddView.swift */; };
		9E50EA5F290D5A0800A68A0F /* SettingView.swift in Sources */ = {isa = PBXBuildFile; fileRef = 9E50EA5E290D5A0800A68A0F /* SettingView.swift */; };
		9E50EA61290D60C600A68A0F /* ItemView.swift in Sources */ = {isa = PBXBuildFile; fileRef = 9E50EA60290D60C600A68A0F /* ItemView.swift */; };
		9E50EA65290D7F3C00A68A0F /* DetailView.swift in Sources */ = {isa = PBXBuildFile; fileRef = 9E50EA64290D7F3C00A68A0F /* DetailView.swift */; };
		9E50EA67290DAD4200A68A0F /* GoogleService-Info.plist in Resources */ = {isa = PBXBuildFile; fileRef = 9E50EA66290DAD4200A68A0F /* GoogleService-Info.plist */; };
		9E50EA6A290DAE0700A68A0F /* FirebaseAuth in Frameworks */ = {isa = PBXBuildFile; productRef = 9E50EA69290DAE0700A68A0F /* FirebaseAuth */; };
		9E50EA6C290DAE0700A68A0F /* FirebaseFirestore in Frameworks */ = {isa = PBXBuildFile; productRef = 9E50EA6B290DAE0700A68A0F /* FirebaseFirestore */; };
		9E50EA6E290DAE0700A68A0F /* FirebaseFirestoreSwift in Frameworks */ = {isa = PBXBuildFile; productRef = 9E50EA6D290DAE0700A68A0F /* FirebaseFirestoreSwift */; };
		9E50EA70290DB12200A68A0F /* ItemModel.swift in Sources */ = {isa = PBXBuildFile; fileRef = 9E50EA6F290DB12200A68A0F /* ItemModel.swift */; };
		9E50EA72290DB1F500A68A0F /* FirebaseViewModel.swift in Sources */ = {isa = PBXBuildFile; fileRef = 9E50EA71290DB1F500A68A0F /* FirebaseViewModel.swift */; };
		9EBDB7B4290C0D69004CBBA8 /* Sell_and_buyApp.swift in Sources */ = {isa = PBXBuildFile; fileRef = 9EBDB7B3290C0D69004CBBA8 /* Sell_and_buyApp.swift */; };
		9EBDB7B6290C0D69004CBBA8 /* ContentView.swift in Sources */ = {isa = PBXBuildFile; fileRef = 9EBDB7B5290C0D69004CBBA8 /* ContentView.swift */; };
		9EBDB7B8290C0D6A004CBBA8 /* Assets.xcassets in Resources */ = {isa = PBXBuildFile; fileRef = 9EBDB7B7290C0D6A004CBBA8 /* Assets.xcassets */; };
		9EBDB7BB290C0D6A004CBBA8 /* Preview Assets.xcassets in Resources */ = {isa = PBXBuildFile; fileRef = 9EBDB7BA290C0D6A004CBBA8 /* Preview Assets.xcassets */; };
		9EBDB7C7290C0E3C004CBBA8 /* SignInView.swift in Sources */ = {isa = PBXBuildFile; fileRef = 9EBDB7C6290C0E3C004CBBA8 /* SignInView.swift */; };
		9EBDB7CB290C1831004CBBA8 /* Poppins-Medium.ttf in Resources */ = {isa = PBXBuildFile; fileRef = 9EBDB7C9290C1831004CBBA8 /* Poppins-Medium.ttf */; };
		9EBDB7CC290C1831004CBBA8 /* Poppins-Regular.ttf in Resources */ = {isa = PBXBuildFile; fileRef = 9EBDB7CA290C1831004CBBA8 /* Poppins-Regular.ttf */; };
		9EBDB7D0290C1CC1004CBBA8 /* FontStyles.swift in Sources */ = {isa = PBXBuildFile; fileRef = 9EBDB7CF290C1CC1004CBBA8 /* FontStyles.swift */; };
/* End PBXBuildFile section */

/* Begin PBXFileReference section */
		9E465EA6290C21830033EFE5 /* CustomTextField.swift */ = {isa = PBXFileReference; lastKnownFileType = sourcecode.swift; path = CustomTextField.swift; sourceTree = "<group>"; };
		9E465EA8290C2B280033EFE5 /* CustomButton.swift */ = {isa = PBXFileReference; lastKnownFileType = sourcecode.swift; path = CustomButton.swift; sourceTree = "<group>"; };
		9E465EAA290C47DD0033EFE5 /* SignUpView.swift */ = {isa = PBXFileReference; lastKnownFileType = sourcecode.swift; path = SignUpView.swift; sourceTree = "<group>"; };
		9E50EA5A290D59D100A68A0F /* HomeView.swift */ = {isa = PBXFileReference; lastKnownFileType = sourcecode.swift; path = HomeView.swift; sourceTree = "<group>"; };
		9E50EA5C290D59F700A68A0F /* AddView.swift */ = {isa = PBXFileReference; lastKnownFileType = sourcecode.swift; path = AddView.swift; sourceTree = "<group>"; };
		9E50EA5E290D5A0800A68A0F /* SettingView.swift */ = {isa = PBXFileReference; lastKnownFileType = sourcecode.swift; path = SettingView.swift; sourceTree = "<group>"; };
		9E50EA60290D60C600A68A0F /* ItemView.swift */ = {isa = PBXFileReference; lastKnownFileType = sourcecode.swift; path = ItemView.swift; sourceTree = "<group>"; };
		9E50EA64290D7F3C00A68A0F /* DetailView.swift */ = {isa = PBXFileReference; lastKnownFileType = sourcecode.swift; path = DetailView.swift; sourceTree = "<group>"; };
		9E50EA66290DAD4200A68A0F /* GoogleService-Info.plist */ = {isa = PBXFileReference; fileEncoding = 4; lastKnownFileType = text.plist.xml; path = "GoogleService-Info.plist"; sourceTree = "<group>"; };
		9E50EA6F290DB12200A68A0F /* ItemModel.swift */ = {isa = PBXFileReference; lastKnownFileType = sourcecode.swift; path = ItemModel.swift; sourceTree = "<group>"; };
		9E50EA71290DB1F500A68A0F /* FirebaseViewModel.swift */ = {isa = PBXFileReference; lastKnownFileType = sourcecode.swift; path = FirebaseViewModel.swift; sourceTree = "<group>"; };
		9EBDB7B0290C0D69004CBBA8 /* Sell and buy.app */ = {isa = PBXFileReference; explicitFileType = wrapper.application; includeInIndex = 0; path = "Sell and buy.app"; sourceTree = BUILT_PRODUCTS_DIR; };
		9EBDB7B3290C0D69004CBBA8 /* Sell_and_buyApp.swift */ = {isa = PBXFileReference; lastKnownFileType = sourcecode.swift; path = Sell_and_buyApp.swift; sourceTree = "<group>"; };
		9EBDB7B5290C0D69004CBBA8 /* ContentView.swift */ = {isa = PBXFileReference; lastKnownFileType = sourcecode.swift; path = ContentView.swift; sourceTree = "<group>"; };
		9EBDB7B7290C0D6A004CBBA8 /* Assets.xcassets */ = {isa = PBXFileReference; lastKnownFileType = folder.assetcatalog; path = Assets.xcassets; sourceTree = "<group>"; };
		9EBDB7BA290C0D6A004CBBA8 /* Preview Assets.xcassets */ = {isa = PBXFileReference; lastKnownFileType = folder.assetcatalog; path = "Preview Assets.xcassets"; sourceTree = "<group>"; };
		9EBDB7C6290C0E3C004CBBA8 /* SignInView.swift */ = {isa = PBXFileReference; lastKnownFileType = sourcecode.swift; path = SignInView.swift; sourceTree = "<group>"; };
		9EBDB7C9290C1831004CBBA8 /* Poppins-Medium.ttf */ = {isa = PBXFileReference; lastKnownFileType = file; path = "Poppins-Medium.ttf"; sourceTree = "<group>"; };
		9EBDB7CA290C1831004CBBA8 /* Poppins-Regular.ttf */ = {isa = PBXFileReference; lastKnownFileType = file; path = "Poppins-Regular.ttf"; sourceTree = "<group>"; };
		9EBDB7CD290C1860004CBBA8 /* Sell-and-buy-Info.plist */ = {isa = PBXFileReference; lastKnownFileType = text.plist; path = "Sell-and-buy-Info.plist"; sourceTree = SOURCE_ROOT; };
		9EBDB7CF290C1CC1004CBBA8 /* FontStyles.swift */ = {isa = PBXFileReference; lastKnownFileType = sourcecode.swift; path = FontStyles.swift; sourceTree = "<group>"; };
/* End PBXFileReference section */

/* Begin PBXFrameworksBuildPhase section */
		9EBDB7AD290C0D69004CBBA8 /* Frameworks */ = {
			isa = PBXFrameworksBuildPhase;
			buildActionMask = 2147483647;
			files = (
				9E50EA6A290DAE0700A68A0F /* FirebaseAuth in Frameworks */,
				9E50EA6C290DAE0700A68A0F /* FirebaseFirestore in Frameworks */,
				9E50EA6E290DAE0700A68A0F /* FirebaseFirestoreSwift in Frameworks */,
			);
			runOnlyForDeploymentPostprocessing = 0;
		};
/* End PBXFrameworksBuildPhase section */

/* Begin PBXGroup section */
		9EBDB7A7290C0D69004CBBA8 = {
			isa = PBXGroup;
			children = (
				9EBDB7B2290C0D69004CBBA8 /* Sell and buy */,
				9EBDB7B1290C0D69004CBBA8 /* Products */,
			);
			sourceTree = "<group>";
		};
		9EBDB7B1290C0D69004CBBA8 /* Products */ = {
			isa = PBXGroup;
			children = (
				9EBDB7B0290C0D69004CBBA8 /* Sell and buy.app */,
			);
			name = Products;
			sourceTree = "<group>";
		};
		9EBDB7B2290C0D69004CBBA8 /* Sell and buy */ = {
			isa = PBXGroup;
			children = (
				9EBDB7CE290C1C80004CBBA8 /* Helper */,
				9EBDB7CD290C1860004CBBA8 /* Sell-and-buy-Info.plist */,
				9E50EA66290DAD4200A68A0F /* GoogleService-Info.plist */,
				9EBDB7C8290C1808004CBBA8 /* Fonts */,
				9EBDB7C3290C0DAF004CBBA8 /* Model */,
				9EBDB7C2290C0DA7004CBBA8 /* View */,
				9EBDB7C1290C0D86004CBBA8 /* ViewModel */,
				9EBDB7B3290C0D69004CBBA8 /* Sell_and_buyApp.swift */,
				9EBDB7B5290C0D69004CBBA8 /* ContentView.swift */,
				9EBDB7B7290C0D6A004CBBA8 /* Assets.xcassets */,
				9EBDB7B9290C0D6A004CBBA8 /* Preview Content */,
			);
			path = "Sell and buy";
			sourceTree = "<group>";
		};
		9EBDB7B9290C0D6A004CBBA8 /* Preview Content */ = {
			isa = PBXGroup;
			children = (
				9EBDB7BA290C0D6A004CBBA8 /* Preview Assets.xcassets */,
			);
			path = "Preview Content";
			sourceTree = "<group>";
		};
		9EBDB7C1290C0D86004CBBA8 /* ViewModel */ = {
			isa = PBXGroup;
			children = (
				9E50EA71290DB1F500A68A0F /* FirebaseViewModel.swift */,
			);
			path = ViewModel;
			sourceTree = "<group>";
		};
		9EBDB7C2290C0DA7004CBBA8 /* View */ = {
			isa = PBXGroup;
			children = (
				9EBDB7C6290C0E3C004CBBA8 /* SignInView.swift */,
				9E465EAA290C47DD0033EFE5 /* SignUpView.swift */,
				9E50EA5A290D59D100A68A0F /* HomeView.swift */,
				9E50EA5C290D59F700A68A0F /* AddView.swift */,
				9E50EA5E290D5A0800A68A0F /* SettingView.swift */,
				9E50EA64290D7F3C00A68A0F /* DetailView.swift */,
			);
			path = View;
			sourceTree = "<group>";
		};
		9EBDB7C3290C0DAF004CBBA8 /* Model */ = {
			isa = PBXGroup;
			children = (
				9E50EA6F290DB12200A68A0F /* ItemModel.swift */,
			);
			path = Model;
			sourceTree = "<group>";
		};
		9EBDB7C8290C1808004CBBA8 /* Fonts */ = {
			isa = PBXGroup;
			children = (
				9EBDB7C9290C1831004CBBA8 /* Poppins-Medium.ttf */,
				9EBDB7CA290C1831004CBBA8 /* Poppins-Regular.ttf */,
			);
			path = Fonts;
			sourceTree = "<group>";
		};
		9EBDB7CE290C1C80004CBBA8 /* Helper */ = {
			isa = PBXGroup;
			children = (
				9EBDB7CF290C1CC1004CBBA8 /* FontStyles.swift */,
				9E465EA6290C21830033EFE5 /* CustomTextField.swift */,
				9E465EA8290C2B280033EFE5 /* CustomButton.swift */,
				9E50EA60290D60C600A68A0F /* ItemView.swift */,
			);
			path = Helper;
			sourceTree = "<group>";
		};
/* End PBXGroup section */

/* Begin PBXNativeTarget section */
		9EBDB7AF290C0D69004CBBA8 /* Sell and buy */ = {
			isa = PBXNativeTarget;
			buildConfigurationList = 9EBDB7BE290C0D6A004CBBA8 /* Build configuration list for PBXNativeTarget "Sell and buy" */;
			buildPhases = (
				9EBDB7AC290C0D69004CBBA8 /* Sources */,
				9EBDB7AD290C0D69004CBBA8 /* Frameworks */,
				9EBDB7AE290C0D69004CBBA8 /* Resources */,
			);
			buildRules = (
			);
			dependencies = (
			);
			name = "Sell and buy";
			packageProductDependencies = (
				9E50EA69290DAE0700A68A0F /* FirebaseAuth */,
				9E50EA6B290DAE0700A68A0F /* FirebaseFirestore */,
				9E50EA6D290DAE0700A68A0F /* FirebaseFirestoreSwift */,
			);
			productName = "Sell and buy";
			productReference = 9EBDB7B0290C0D69004CBBA8 /* Sell and buy.app */;
			productType = "com.apple.product-type.application";
		};
/* End PBXNativeTarget section */

/* Begin PBXProject section */
		9EBDB7A8290C0D69004CBBA8 /* Project object */ = {
			isa = PBXProject;
			attributes = {
				BuildIndependentTargetsInParallel = 1;
				LastSwiftUpdateCheck = 1400;
				LastUpgradeCheck = 1400;
				TargetAttributes = {
					9EBDB7AF290C0D69004CBBA8 = {
						CreatedOnToolsVersion = 14.0.1;
					};
				};
			};
			buildConfigurationList = 9EBDB7AB290C0D69004CBBA8 /* Build configuration list for PBXProject "Sell and buy" */;
			compatibilityVersion = "Xcode 14.0";
			developmentRegion = en;
			hasScannedForEncodings = 0;
			knownRegions = (
				en,
				Base,
			);
			mainGroup = 9EBDB7A7290C0D69004CBBA8;
			packageReferences = (
				9E50EA68290DAE0700A68A0F /* XCRemoteSwiftPackageReference "firebase-ios-sdk" */,
			);
			productRefGroup = 9EBDB7B1290C0D69004CBBA8 /* Products */;
			projectDirPath = "";
			projectRoot = "";
			targets = (
				9EBDB7AF290C0D69004CBBA8 /* Sell and buy */,
			);
		};
/* End PBXProject section */

/* Begin PBXResourcesBuildPhase section */
		9EBDB7AE290C0D69004CBBA8 /* Resources */ = {
			isa = PBXResourcesBuildPhase;
			buildActionMask = 2147483647;
			files = (
				9EBDB7CB290C1831004CBBA8 /* Poppins-Medium.ttf in Resources */,
				9EBDB7BB290C0D6A004CBBA8 /* Preview Assets.xcassets in Resources */,
				9EBDB7B8290C0D6A004CBBA8 /* Assets.xcassets in Resources */,
				9E50EA67290DAD4200A68A0F /* GoogleService-Info.plist in Resources */,
				9EBDB7CC290C1831004CBBA8 /* Poppins-Regular.ttf in Resources */,
			);
			runOnlyForDeploymentPostprocessing = 0;
		};
/* End PBXResourcesBuildPhase section */

/* Begin PBXSourcesBuildPhase section */
		9EBDB7AC290C0D69004CBBA8 /* Sources */ = {
			isa = PBXSourcesBuildPhase;
			buildActionMask = 2147483647;
			files = (
				9E465EA7290C21830033EFE5 /* CustomTextField.swift in Sources */,
				9E50EA65290D7F3C00A68A0F /* DetailView.swift in Sources */,
				9E50EA70290DB12200A68A0F /* ItemModel.swift in Sources */,
				9E50EA5F290D5A0800A68A0F /* SettingView.swift in Sources */,
				9EBDB7C7290C0E3C004CBBA8 /* SignInView.swift in Sources */,
				9E50EA5D290D59F700A68A0F /* AddView.swift in Sources */,
				9E465EA9290C2B280033EFE5 /* CustomButton.swift in Sources */,
				9E50EA61290D60C600A68A0F /* ItemView.swift in Sources */,
				9E465EAB290C47DD0033EFE5 /* SignUpView.swift in Sources */,
				9EBDB7B6290C0D69004CBBA8 /* ContentView.swift in Sources */,
				9E50EA5B290D59D100A68A0F /* HomeView.swift in Sources */,
				9EBDB7D0290C1CC1004CBBA8 /* FontStyles.swift in Sources */,
				9EBDB7B4290C0D69004CBBA8 /* Sell_and_buyApp.swift in Sources */,
				9E50EA72290DB1F500A68A0F /* FirebaseViewModel.swift in Sources */,
			);
			runOnlyForDeploymentPostprocessing = 0;
		};
/* End PBXSourcesBuildPhase section */

/* Begin XCBuildConfiguration section */
		9EBDB7BC290C0D6A004CBBA8 /* Debug */ = {
			isa = XCBuildConfiguration;
			buildSettings = {
				ALWAYS_SEARCH_USER_PATHS = NO;
				CLANG_ANALYZER_NONNULL = YES;
				CLANG_ANALYZER_NUMBER_OBJECT_CONVERSION = YES_AGGRESSIVE;
				CLANG_CXX_LANGUAGE_STANDARD = "gnu++20";
				CLANG_ENABLE_MODULES = YES;
				CLANG_ENABLE_OBJC_ARC = YES;
				CLANG_ENABLE_OBJC_WEAK = YES;
				CLANG_WARN_BLOCK_CAPTURE_AUTORELEASING = YES;
				CLANG_WARN_BOOL_CONVERSION = YES;
				CLANG_WARN_COMMA = YES;
				CLANG_WARN_CONSTANT_CONVERSION = YES;
				CLANG_WARN_DEPRECATED_OBJC_IMPLEMENTATIONS = YES;
				CLANG_WARN_DIRECT_OBJC_ISA_USAGE = YES_ERROR;
				CLANG_WARN_DOCUMENTATION_COMMENTS = YES;
				CLANG_WARN_EMPTY_BODY = YES;
				CLANG_WARN_ENUM_CONVERSION = YES;
				CLANG_WARN_INFINITE_RECURSION = YES;
				CLANG_WARN_INT_CONVERSION = YES;
				CLANG_WARN_NON_LITERAL_NULL_CONVERSION = YES;
				CLANG_WARN_OBJC_IMPLICIT_RETAIN_SELF = YES;
				CLANG_WARN_OBJC_LITERAL_CONVERSION = YES;
				CLANG_WARN_OBJC_ROOT_CLASS = YES_ERROR;
				CLANG_WARN_QUOTED_INCLUDE_IN_FRAMEWORK_HEADER = YES;
				CLANG_WARN_RANGE_LOOP_ANALYSIS = YES;
				CLANG_WARN_STRICT_PROTOTYPES = YES;
				CLANG_WARN_SUSPICIOUS_MOVE = YES;
				CLANG_WARN_UNGUARDED_AVAILABILITY = YES_AGGRESSIVE;
				CLANG_WARN_UNREACHABLE_CODE = YES;
				CLANG_WARN__DUPLICATE_METHOD_MATCH = YES;
				COPY_PHASE_STRIP = NO;
				DEBUG_INFORMATION_FORMAT = dwarf;
				ENABLE_STRICT_OBJC_MSGSEND = YES;
				ENABLE_TESTABILITY = YES;
				GCC_C_LANGUAGE_STANDARD = gnu11;
				GCC_DYNAMIC_NO_PIC = NO;
				GCC_NO_COMMON_BLOCKS = YES;
				GCC_OPTIMIZATION_LEVEL = 0;
				GCC_PREPROCESSOR_DEFINITIONS = (
					"DEBUG=1",
					"$(inherited)",
				);
				GCC_WARN_64_TO_32_BIT_CONVERSION = YES;
				GCC_WARN_ABOUT_RETURN_TYPE = YES_ERROR;
				GCC_WARN_UNDECLARED_SELECTOR = YES;
				GCC_WARN_UNINITIALIZED_AUTOS = YES_AGGRESSIVE;
				GCC_WARN_UNUSED_FUNCTION = YES;
				GCC_WARN_UNUSED_VARIABLE = YES;
				IPHONEOS_DEPLOYMENT_TARGET = 16.0;
				MTL_ENABLE_DEBUG_INFO = INCLUDE_SOURCE;
				MTL_FAST_MATH = YES;
				ONLY_ACTIVE_ARCH = YES;
				SDKROOT = iphoneos;
				SWIFT_ACTIVE_COMPILATION_CONDITIONS = DEBUG;
				SWIFT_OPTIMIZATION_LEVEL = "-Onone";
			};
			name = Debug;
		};
		9EBDB7BD290C0D6A004CBBA8 /* Release */ = {
			isa = XCBuildConfiguration;
			buildSettings = {
				ALWAYS_SEARCH_USER_PATHS = NO;
				CLANG_ANALYZER_NONNULL = YES;
				CLANG_ANALYZER_NUMBER_OBJECT_CONVERSION = YES_AGGRESSIVE;
				CLANG_CXX_LANGUAGE_STANDARD = "gnu++20";
				CLANG_ENABLE_MODULES = YES;
				CLANG_ENABLE_OBJC_ARC = YES;
				CLANG_ENABLE_OBJC_WEAK = YES;
				CLANG_WARN_BLOCK_CAPTURE_AUTORELEASING = YES;
				CLANG_WARN_BOOL_CONVERSION = YES;
				CLANG_WARN_COMMA = YES;
				CLANG_WARN_CONSTANT_CONVERSION = YES;
				CLANG_WARN_DEPRECATED_OBJC_IMPLEMENTATIONS = YES;
				CLANG_WARN_DIRECT_OBJC_ISA_USAGE = YES_ERROR;
				CLANG_WARN_DOCUMENTATION_COMMENTS = YES;
				CLANG_WARN_EMPTY_BODY = YES;
				CLANG_WARN_ENUM_CONVERSION = YES;
				CLANG_WARN_INFINITE_RECURSION = YES;
				CLANG_WARN_INT_CONVERSION = YES;
				CLANG_WARN_NON_LITERAL_NULL_CONVERSION = YES;
				CLANG_WARN_OBJC_IMPLICIT_RETAIN_SELF = YES;
				CLANG_WARN_OBJC_LITERAL_CONVERSION = YES;
				CLANG_WARN_OBJC_ROOT_CLASS = YES_ERROR;
				CLANG_WARN_QUOTED_INCLUDE_IN_FRAMEWORK_HEADER = YES;
				CLANG_WARN_RANGE_LOOP_ANALYSIS = YES;
				CLANG_WARN_STRICT_PROTOTYPES = YES;
				CLANG_WARN_SUSPICIOUS_MOVE = YES;
				CLANG_WARN_UNGUARDED_AVAILABILITY = YES_AGGRESSIVE;
				CLANG_WARN_UNREACHABLE_CODE = YES;
				CLANG_WARN__DUPLICATE_METHOD_MATCH = YES;
				COPY_PHASE_STRIP = NO;
				DEBUG_INFORMATION_FORMAT = "dwarf-with-dsym";
				ENABLE_NS_ASSERTIONS = NO;
				ENABLE_STRICT_OBJC_MSGSEND = YES;
				GCC_C_LANGUAGE_STANDARD = gnu11;
				GCC_NO_COMMON_BLOCKS = YES;
				GCC_WARN_64_TO_32_BIT_CONVERSION = YES;
				GCC_WARN_ABOUT_RETURN_TYPE = YES_ERROR;
				GCC_WARN_UNDECLARED_SELECTOR = YES;
				GCC_WARN_UNINITIALIZED_AUTOS = YES_AGGRESSIVE;
				GCC_WARN_UNUSED_FUNCTION = YES;
				GCC_WARN_UNUSED_VARIABLE = YES;
				IPHONEOS_DEPLOYMENT_TARGET = 16.0;
				MTL_ENABLE_DEBUG_INFO = NO;
				MTL_FAST_MATH = YES;
				SDKROOT = iphoneos;
				SWIFT_COMPILATION_MODE = wholemodule;
				SWIFT_OPTIMIZATION_LEVEL = "-O";
				VALIDATE_PRODUCT = YES;
			};
			name = Release;
		};
		9EBDB7BF290C0D6A004CBBA8 /* Debug */ = {
			isa = XCBuildConfiguration;
			buildSettings = {
				ASSETCATALOG_COMPILER_APPICON_NAME = AppIcon;
				ASSETCATALOG_COMPILER_GLOBAL_ACCENT_COLOR_NAME = AccentColor;
				CODE_SIGN_STYLE = Automatic;
				CURRENT_PROJECT_VERSION = 1;
				DEVELOPMENT_ASSET_PATHS = "\"Sell and buy/Preview Content\"";
				DEVELOPMENT_TEAM = NUU979W77L;
				ENABLE_PREVIEWS = YES;
				GENERATE_INFOPLIST_FILE = YES;
				INFOPLIST_FILE = "Sell-and-buy-Info.plist";
				INFOPLIST_KEY_UIApplicationSceneManifest_Generation = YES;
				INFOPLIST_KEY_UIApplicationSupportsIndirectInputEvents = YES;
				INFOPLIST_KEY_UILaunchScreen_Generation = YES;
				INFOPLIST_KEY_UISupportedInterfaceOrientations_iPad = "UIInterfaceOrientationPortrait UIInterfaceOrientationPortraitUpsideDown UIInterfaceOrientationLandscapeLeft UIInterfaceOrientationLandscapeRight";
				INFOPLIST_KEY_UISupportedInterfaceOrientations_iPhone = "UIInterfaceOrientationPortrait UIInterfaceOrientationLandscapeLeft UIInterfaceOrientationLandscapeRight";
				LD_RUNPATH_SEARCH_PATHS = (
					"$(inherited)",
					"@executable_path/Frameworks",
				);
				MARKETING_VERSION = 1.0;
				PRODUCT_BUNDLE_IDENTIFIER = "com.rolla.Sell-and-buy";
				PRODUCT_NAME = "$(TARGET_NAME)";
				SWIFT_EMIT_LOC_STRINGS = YES;
				SWIFT_VERSION = 5.0;
				TARGETED_DEVICE_FAMILY = "1,2";
			};
			name = Debug;
		};
		9EBDB7C0290C0D6A004CBBA8 /* Release */ = {
			isa = XCBuildConfiguration;
			buildSettings = {
				ASSETCATALOG_COMPILER_APPICON_NAME = AppIcon;
				ASSETCATALOG_COMPILER_GLOBAL_ACCENT_COLOR_NAME = AccentColor;
				CODE_SIGN_STYLE = Automatic;
				CURRENT_PROJECT_VERSION = 1;
				DEVELOPMENT_ASSET_PATHS = "\"Sell and buy/Preview Content\"";
				DEVELOPMENT_TEAM = NUU979W77L;
				ENABLE_PREVIEWS = YES;
				GENERATE_INFOPLIST_FILE = YES;
				INFOPLIST_FILE = "Sell-and-buy-Info.plist";
				INFOPLIST_KEY_UIApplicationSceneManifest_Generation = YES;
				INFOPLIST_KEY_UIApplicationSupportsIndirectInputEvents = YES;
				INFOPLIST_KEY_UILaunchScreen_Generation = YES;
				INFOPLIST_KEY_UISupportedInterfaceOrientations_iPad = "UIInterfaceOrientationPortrait UIInterfaceOrientationPortraitUpsideDown UIInterfaceOrientationLandscapeLeft UIInterfaceOrientationLandscapeRight";
				INFOPLIST_KEY_UISupportedInterfaceOrientations_iPhone = "UIInterfaceOrientationPortrait UIInterfaceOrientationLandscapeLeft UIInterfaceOrientationLandscapeRight";
				LD_RUNPATH_SEARCH_PATHS = (
					"$(inherited)",
					"@executable_path/Frameworks",
				);
				MARKETING_VERSION = 1.0;
				PRODUCT_BUNDLE_IDENTIFIER = "com.rolla.Sell-and-buy";
				PRODUCT_NAME = "$(TARGET_NAME)";
				SWIFT_EMIT_LOC_STRINGS = YES;
				SWIFT_VERSION = 5.0;
				TARGETED_DEVICE_FAMILY = "1,2";
			};
			name = Release;
		};
/* End XCBuildConfiguration section */

/* Begin XCConfigurationList section */
		9EBDB7AB290C0D69004CBBA8 /* Build configuration list for PBXProject "Sell and buy" */ = {
			isa = XCConfigurationList;
			buildConfigurations = (
				9EBDB7BC290C0D6A004CBBA8 /* Debug */,
				9EBDB7BD290C0D6A004CBBA8 /* Release */,
			);
			defaultConfigurationIsVisible = 0;
			defaultConfigurationName = Release;
		};
		9EBDB7BE290C0D6A004CBBA8 /* Build configuration list for PBXNativeTarget "Sell and buy" */ = {
			isa = XCConfigurationList;
			buildConfigurations = (
				9EBDB7BF290C0D6A004CBBA8 /* Debug */,
				9EBDB7C0290C0D6A004CBBA8 /* Release */,
			);
			defaultConfigurationIsVisible = 0;
			defaultConfigurationName = Release;
		};
/* End XCConfigurationList section */

/* Begin XCRemoteSwiftPackageReference section */
		9E50EA68290DAE0700A68A0F /* XCRemoteSwiftPackageReference "firebase-ios-sdk" */ = {
			isa = XCRemoteSwiftPackageReference;
			repositoryURL = "https://github.com/firebase/firebase-ios-sdk";
			requirement = {
				branch = master;
				kind = branch;
			};
		};
/* End XCRemoteSwiftPackageReference section */

/* Begin XCSwiftPackageProductDependency section */
		9E50EA69290DAE0700A68A0F /* FirebaseAuth */ = {
			isa = XCSwiftPackageProductDependency;
			package = 9E50EA68290DAE0700A68A0F /* XCRemoteSwiftPackageReference "firebase-ios-sdk" */;
			productName = FirebaseAuth;
		};
		9E50EA6B290DAE0700A68A0F /* FirebaseFirestore */ = {
			isa = XCSwiftPackageProductDependency;
			package = 9E50EA68290DAE0700A68A0F /* XCRemoteSwiftPackageReference "firebase-ios-sdk" */;
			productName = FirebaseFirestore;
		};
		9E50EA6D290DAE0700A68A0F /* FirebaseFirestoreSwift */ = {
			isa = XCSwiftPackageProductDependency;
			package = 9E50EA68290DAE0700A68A0F /* XCRemoteSwiftPackageReference "firebase-ios-sdk" */;
			productName = FirebaseFirestoreSwift;
		};
/* End XCSwiftPackageProductDependency section */
	};
	rootObject = 9EBDB7A8290C0D69004CBBA8 /* Project object */;
}
